
Microsoft Visual Studio Solution File, Format Version 12.00
# Visual Studio Version 16
VisualStudioVersion = 16.0.30114.105
MinimumVisualStudioVersion = 10.0.40219.1
Project("{2150E333-8FDC-42A3-9474-1A3956D46DE8}") = "src", "src", "{B2624DDC-4B4C-4085-BD88-E550913FD6A8}"
EndProject
Project("{FAE04EC0-301F-11D3-BF4B-00C04F79EFBC}") = "GradeBook", "src\GradeBook\GradeBook.csproj", "{79A5229B-66FB-4B10-BD81-93ACEB09CC8D}"
EndProject
Project("{2150E333-8FDC-42A3-9474-1A3956D46DE8}") = "test", "test", "{6F712F69-D18F-40D6-992E-DF45285BFF47}"
EndProject
Project("{FAE04EC0-301F-11D3-BF4B-00C04F79EFBC}") = "GradeBook.Tests", "test\GradeBook.Tests\GradeBook.Tests.csproj", "{C36B6481-9CBC-4997-8402-F1F8B65838D9}"
EndProject
Global
	GlobalSection(SolutionConfigurationPlatforms) = preSolution
		Debug|Any CPU = Debug|Any CPU
		Release|Any CPU = Release|Any CPU
	EndGlobalSection
	GlobalSection(SolutionProperties) = preSolution
		HideSolutionNode = FALSE
	EndGlobalSection
	GlobalSection(ProjectConfigurationPlatforms) = postSolution
		{79A5229B-66FB-4B10-BD81-93ACEB09CC8D}.Debug|Any CPU.ActiveCfg = Debug|Any CPU
		{79A5229B-66FB-4B10-BD81-93ACEB09CC8D}.Debug|Any CPU.Build.0 = Debug|Any CPU
		{79A5229B-66FB-4B10-BD81-93ACEB09CC8D}.Release|Any CPU.ActiveCfg = Release|Any CPU
		{79A5229B-66FB-4B10-BD81-93ACEB09CC8D}.Release|Any CPU.Build.0 = Release|Any CPU
		{C36B6481-9CBC-4997-8402-F1F8B65838D9}.Debug|Any CPU.ActiveCfg = Debug|Any CPU
		{C36B6481-9CBC-4997-8402-F1F8B65838D9}.Debug|Any CPU.Build.0 = Debug|Any CPU
		{C36B6481-9CBC-4997-8402-F1F8B65838D9}.Release|Any CPU.ActiveCfg = Release|Any CPU
		{C36B6481-9CBC-4997-8402-F1F8B65838D9}.Release|Any CPU.Build.0 = Release|Any CPU
	EndGlobalSection
	GlobalSection(NestedProjects) = preSolution
		{79A5229B-66FB-4B10-BD81-93ACEB09CC8D} = {B2624DDC-4B4C-4085-BD88-E550913FD6A8}
		{C36B6481-9CBC-4997-8402-F1F8B65838D9} = {6F712F69-D18F-40D6-992E-DF45285BFF47}
	EndGlobalSection
EndGlobal
